
Microsoft Visual Studio Solution File, Format Version 12.00
# Visual Studio Version 17
VisualStudioVersion = 17.10.35027.167
MinimumVisualStudioVersion = 10.0.40219.1
Project("{FAE04EC0-301F-11D3-BF4B-00C04F79EFBC}") = "aigis", "aigis.csproj", "{DE2B6989-458C-4CF8-B2B8-54FD69768979}"
EndProject
Global
	GlobalSection(SolutionConfigurationPlatforms) = preSolution
		Debug|Any CPU = Debug|Any CPU
		Release|Any CPU = Release|Any CPU
	EndGlobalSection
	GlobalSection(ProjectConfigurationPlatforms) = postSolution
		{DE2B6989-458C-4CF8-B2B8-54FD69768979}.Debug|Any CPU.ActiveCfg = Debug|Any CPU
		{DE2B6989-458C-4CF8-B2B8-54FD69768979}.Debug|Any CPU.Build.0 = Debug|Any CPU
		{DE2B6989-458C-4CF8-B2B8-54FD69768979}.Release|Any CPU.ActiveCfg = Release|Any CPU
		{DE2B6989-458C-4CF8-B2B8-54FD69768979}.Release|Any CPU.Build.0 = Release|Any CPU
	EndGlobalSection
	GlobalSection(SolutionProperties) = preSolution
		HideSolutionNode = FALSE
	EndGlobalSection
	GlobalSection(ExtensibilityGlobals) = postSolution
		SolutionGuid = {951E06F0-249D-47BF-B37B-17DF7C653B2B}
	EndGlobalSection
EndGlobal
